
Microsoft Visual Studio Solution File, Format Version 12.00
# Visual Studio 2012
Project("{FAE04EC0-301F-11D3-BF4B-00C04F79EFBC}") = "DressMe", "DressMe\DressMe.csproj", "{BDA1B3EC-D236-4E0C-9141-8CBD9C9E379C}"
EndProject
Global
	GlobalSection(SolutionConfigurationPlatforms) = preSolution
		Debug|Any CPU = Debug|Any CPU
		Release|Any CPU = Release|Any CPU
	EndGlobalSection
	GlobalSection(ProjectConfigurationPlatforms) = postSolution
		{BDA1B3EC-D236-4E0C-9141-8CBD9C9E379C}.Debug|Any CPU.ActiveCfg = Debug|Any CPU
		{BDA1B3EC-D236-4E0C-9141-8CBD9C9E379C}.Debug|Any CPU.Build.0 = Debug|Any CPU
		{BDA1B3EC-D236-4E0C-9141-8CBD9C9E379C}.Release|Any CPU.ActiveCfg = Release|Any CPU
		{BDA1B3EC-D236-4E0C-9141-8CBD9C9E379C}.Release|Any CPU.Build.0 = Release|Any CPU
	EndGlobalSection
	GlobalSection(SolutionProperties) = preSolution
		HideSolutionNode = FALSE
	EndGlobalSection
EndGlobal
